
Microsoft Visual Studio Solution File, Format Version 12.00
# Visual Studio 2013
VisualStudioVersion = 12.0.21005.1
MinimumVisualStudioVersion = 10.0.40219.1
Project("{2150E333-8FDC-42A3-9474-1A3956D46DE8}") = "Solution Items", "Solution Items", "{71B6DB2A-94AD-4324-A48F-38387010A15B}"
	ProjectSection(SolutionItems) = preProject
		CommonAssemblyVersionInfo.cs = CommonAssemblyVersionInfo.cs
		..\Common\Rule Sets\DefaultCARules.ruleset = ..\Common\Rule Sets\DefaultCARules.ruleset
		Local.testsettings = Local.testsettings
		Viiar.AtmFinder.UI\ServiceReferences.Transform.targets = Viiar.AtmFinder.UI\ServiceReferences.Transform.targets
		TraceAndTestImpact.testsettings = TraceAndTestImpact.testsettings
		Viiar.AtmFinder.vsmdi = Viiar.AtmFinder.vsmdi
	EndProjectSection
EndProject
Project("{FAE04EC0-301F-11D3-BF4B-00C04F79EFBC}") = "Viiar.AtmFinder.UI", "Viiar.AtmFinder.UI\Viiar.AtmFinder.UI.csproj", "{66009471-A284-4CFC-A795-021E5104BB76}"
EndProject
Project("{FAE04EC0-301F-11D3-BF4B-00C04F79EFBC}") = "Viiar.AtmFinder.Tests", "Viiar.AtmFinder.Tests\Viiar.AtmFinder.Tests.csproj", "{7DD77429-2708-4E1E-A4B2-4D9BC602AB8E}"
EndProject
Project("{FAE04EC0-301F-11D3-BF4B-00C04F79EFBC}") = "Viiar.AtmFinder.Core", "Viiar.AtmFinder.Core\Viiar.AtmFinder.Core.csproj", "{A4346ADA-CDDA-4B2E-9570-8BF58B475DFF}"
EndProject
Project("{FAE04EC0-301F-11D3-BF4B-00C04F79EFBC}") = "Viiar.AtmFinder.Contracts", "..\Common\Viiar.AtmFinder.Contracts\Viiar.AtmFinder.Contracts.csproj", "{BFD7E586-AF95-4062-A7B1-CDC7325214A6}"
EndProject
Project("{FAE04EC0-301F-11D3-BF4B-00C04F79EFBC}") = "Viiar.AtmFinder.Core.Testable", "Viiar.AtmFinder.Core.Testable\Viiar.AtmFinder.Core.Testable.csproj", "{CE3229B1-B2D0-4684-AD85-4669D4093BAA}"
EndProject
Project("{2150E333-8FDC-42A3-9474-1A3956D46DE8}") = ".nuget", ".nuget", "{0DAC983E-77CD-4260-B800-0E03EDC5674C}"
	ProjectSection(SolutionItems) = preProject
		.nuget\NuGet.Config = .nuget\NuGet.Config
		.nuget\NuGet.exe = .nuget\NuGet.exe
		.nuget\NuGet.targets = .nuget\NuGet.targets
	EndProjectSection
EndProject
Global
	GlobalSection(SolutionConfigurationPlatforms) = preSolution
		Debug - Cloud|Any CPU = Debug - Cloud|Any CPU
		Debug - Cloud|ARM = Debug - Cloud|ARM
		Debug - Cloud|x86 = Debug - Cloud|x86
		Debug - Device|Any CPU = Debug - Device|Any CPU
		Debug - Device|ARM = Debug - Device|ARM
		Debug - Device|x86 = Debug - Device|x86
		Debug - Staging|Any CPU = Debug - Staging|Any CPU
		Debug - Staging|ARM = Debug - Staging|ARM
		Debug - Staging|x86 = Debug - Staging|x86
		Debug|Any CPU = Debug|Any CPU
		Debug|ARM = Debug|ARM
		Debug|x86 = Debug|x86
		Release - Cloud|Any CPU = Release - Cloud|Any CPU
		Release - Cloud|ARM = Release - Cloud|ARM
		Release - Cloud|x86 = Release - Cloud|x86
		Release|Any CPU = Release|Any CPU
		Release|ARM = Release|ARM
		Release|x86 = Release|x86
	EndGlobalSection
	GlobalSection(ProjectConfigurationPlatforms) = postSolution
		{66009471-A284-4CFC-A795-021E5104BB76}.Debug - Cloud|Any CPU.ActiveCfg = Debug - Cloud|Any CPU
		{66009471-A284-4CFC-A795-021E5104BB76}.Debug - Cloud|Any CPU.Build.0 = Debug - Cloud|Any CPU
		{66009471-A284-4CFC-A795-021E5104BB76}.Debug - Cloud|Any CPU.Deploy.0 = Debug - Cloud|Any CPU
		{66009471-A284-4CFC-A795-021E5104BB76}.Debug - Cloud|ARM.ActiveCfg = Debug - Cloud|ARM
		{66009471-A284-4CFC-A795-021E5104BB76}.Debug - Cloud|ARM.Build.0 = Debug - Cloud|ARM
		{66009471-A284-4CFC-A795-021E5104BB76}.Debug - Cloud|ARM.Deploy.0 = Debug - Cloud|ARM
		{66009471-A284-4CFC-A795-021E5104BB76}.Debug - Cloud|x86.ActiveCfg = Debug - Cloud|x86
		{66009471-A284-4CFC-A795-021E5104BB76}.Debug - Cloud|x86.Build.0 = Debug - Cloud|x86
		{66009471-A284-4CFC-A795-021E5104BB76}.Debug - Cloud|x86.Deploy.0 = Debug - Cloud|x86
		{66009471-A284-4CFC-A795-021E5104BB76}.Debug - Device|Any CPU.ActiveCfg = Debug - Device|Any CPU
		{66009471-A284-4CFC-A795-021E5104BB76}.Debug - Device|Any CPU.Build.0 = Debug - Device|Any CPU
		{66009471-A284-4CFC-A795-021E5104BB76}.Debug - Device|Any CPU.Deploy.0 = Debug - Device|Any CPU
		{66009471-A284-4CFC-A795-021E5104BB76}.Debug - Device|ARM.ActiveCfg = Debug - Device|ARM
		{66009471-A284-4CFC-A795-021E5104BB76}.Debug - Device|ARM.Build.0 = Debug - Device|ARM
		{66009471-A284-4CFC-A795-021E5104BB76}.Debug - Device|ARM.Deploy.0 = Debug - Device|ARM
		{66009471-A284-4CFC-A795-021E5104BB76}.Debug - Device|x86.ActiveCfg = Debug - Device|x86
		{66009471-A284-4CFC-A795-021E5104BB76}.Debug - Device|x86.Build.0 = Debug - Device|x86
		{66009471-A284-4CFC-A795-021E5104BB76}.Debug - Device|x86.Deploy.0 = Debug - Device|x86
		{66009471-A284-4CFC-A795-021E5104BB76}.Debug - Staging|Any CPU.ActiveCfg = Debug - Device|Any CPU
		{66009471-A284-4CFC-A795-021E5104BB76}.Debug - Staging|Any CPU.Build.0 = Debug - Device|Any CPU
		{66009471-A284-4CFC-A795-021E5104BB76}.Debug - Staging|Any CPU.Deploy.0 = Debug - Device|Any CPU
		{66009471-A284-4CFC-A795-021E5104BB76}.Debug - Staging|ARM.ActiveCfg = Debug - Device|ARM
		{66009471-A284-4CFC-A795-021E5104BB76}.Debug - Staging|ARM.Build.0 = Debug - Device|ARM
		{66009471-A284-4CFC-A795-021E5104BB76}.Debug - Staging|ARM.Deploy.0 = Debug - Device|ARM
		{66009471-A284-4CFC-A795-021E5104BB76}.Debug - Staging|x86.ActiveCfg = Debug - Device|x86
		{66009471-A284-4CFC-A795-021E5104BB76}.Debug - Staging|x86.Build.0 = Debug - Device|x86
		{66009471-A284-4CFC-A795-021E5104BB76}.Debug - Staging|x86.Deploy.0 = Debug - Device|x86
		{66009471-A284-4CFC-A795-021E5104BB76}.Debug|Any CPU.ActiveCfg = Debug|Any CPU
		{66009471-A284-4CFC-A795-021E5104BB76}.Debug|Any CPU.Build.0 = Debug|Any CPU
		{66009471-A284-4CFC-A795-021E5104BB76}.Debug|Any CPU.Deploy.0 = Debug|Any CPU
		{66009471-A284-4CFC-A795-021E5104BB76}.Debug|ARM.ActiveCfg = Debug|ARM
		{66009471-A284-4CFC-A795-021E5104BB76}.Debug|ARM.Build.0 = Debug|ARM
		{66009471-A284-4CFC-A795-021E5104BB76}.Debug|ARM.Deploy.0 = Debug|ARM
		{66009471-A284-4CFC-A795-021E5104BB76}.Debug|x86.ActiveCfg = Debug|x86
		{66009471-A284-4CFC-A795-021E5104BB76}.Debug|x86.Build.0 = Debug|x86
		{66009471-A284-4CFC-A795-021E5104BB76}.Debug|x86.Deploy.0 = Debug|x86
		{66009471-A284-4CFC-A795-021E5104BB76}.Release - Cloud|Any CPU.ActiveCfg = Release - Cloud|Any CPU
		{66009471-A284-4CFC-A795-021E5104BB76}.Release - Cloud|Any CPU.Build.0 = Release - Cloud|Any CPU
		{66009471-A284-4CFC-A795-021E5104BB76}.Release - Cloud|Any CPU.Deploy.0 = Release - Cloud|Any CPU
		{66009471-A284-4CFC-A795-021E5104BB76}.Release - Cloud|ARM.ActiveCfg = Release - Cloud|ARM
		{66009471-A284-4CFC-A795-021E5104BB76}.Release - Cloud|ARM.Build.0 = Release - Cloud|ARM
		{66009471-A284-4CFC-A795-021E5104BB76}.Release - Cloud|ARM.Deploy.0 = Release - Cloud|ARM
		{66009471-A284-4CFC-A795-021E5104BB76}.Release - Cloud|x86.ActiveCfg = Release - Cloud|x86
		{66009471-A284-4CFC-A795-021E5104BB76}.Release - Cloud|x86.Build.0 = Release - Cloud|x86
		{66009471-A284-4CFC-A795-021E5104BB76}.Release - Cloud|x86.Deploy.0 = Release - Cloud|x86
		{66009471-A284-4CFC-A795-021E5104BB76}.Release|Any CPU.ActiveCfg = Release|Any CPU
		{66009471-A284-4CFC-A795-021E5104BB76}.Release|Any CPU.Build.0 = Release|Any CPU
		{66009471-A284-4CFC-A795-021E5104BB76}.Release|Any CPU.Deploy.0 = Release|Any CPU
		{66009471-A284-4CFC-A795-021E5104BB76}.Release|ARM.ActiveCfg = Release|ARM
		{66009471-A284-4CFC-A795-021E5104BB76}.Release|ARM.Build.0 = Release|ARM
		{66009471-A284-4CFC-A795-021E5104BB76}.Release|ARM.Deploy.0 = Release|ARM
		{66009471-A284-4CFC-A795-021E5104BB76}.Release|x86.ActiveCfg = Release|x86
		{66009471-A284-4CFC-A795-021E5104BB76}.Release|x86.Build.0 = Release|x86
		{66009471-A284-4CFC-A795-021E5104BB76}.Release|x86.Deploy.0 = Release|x86
		{7DD77429-2708-4E1E-A4B2-4D9BC602AB8E}.Debug - Cloud|Any CPU.ActiveCfg = Debug - Cloud|Any CPU
		{7DD77429-2708-4E1E-A4B2-4D9BC602AB8E}.Debug - Cloud|Any CPU.Build.0 = Debug - Cloud|Any CPU
		{7DD77429-2708-4E1E-A4B2-4D9BC602AB8E}.Debug - Cloud|ARM.ActiveCfg = Debug - Cloud|Any CPU
		{7DD77429-2708-4E1E-A4B2-4D9BC602AB8E}.Debug - Cloud|x86.ActiveCfg = Debug - Cloud|Any CPU
		{7DD77429-2708-4E1E-A4B2-4D9BC602AB8E}.Debug - Device|Any CPU.ActiveCfg = Debug - Device|Any CPU
		{7DD77429-2708-4E1E-A4B2-4D9BC602AB8E}.Debug - Device|Any CPU.Build.0 = Debug - Device|Any CPU
		{7DD77429-2708-4E1E-A4B2-4D9BC602AB8E}.Debug - Device|ARM.ActiveCfg = Debug - Device|Any CPU
		{7DD77429-2708-4E1E-A4B2-4D9BC602AB8E}.Debug - Device|x86.ActiveCfg = Debug - Device|Any CPU
		{7DD77429-2708-4E1E-A4B2-4D9BC602AB8E}.Debug - Staging|Any CPU.ActiveCfg = Debug - Staging|Any CPU
		{7DD77429-2708-4E1E-A4B2-4D9BC602AB8E}.Debug - Staging|Any CPU.Build.0 = Debug - Staging|Any CPU
		{7DD77429-2708-4E1E-A4B2-4D9BC602AB8E}.Debug - Staging|ARM.ActiveCfg = Debug - Staging|Any CPU
		{7DD77429-2708-4E1E-A4B2-4D9BC602AB8E}.Debug - Staging|x86.ActiveCfg = Debug - Staging|Any CPU
		{7DD77429-2708-4E1E-A4B2-4D9BC602AB8E}.Debug|Any CPU.ActiveCfg = Debug|Any CPU
		{7DD77429-2708-4E1E-A4B2-4D9BC602AB8E}.Debug|Any CPU.Build.0 = Debug|Any CPU
		{7DD77429-2708-4E1E-A4B2-4D9BC602AB8E}.Debug|ARM.ActiveCfg = Debug|Any CPU
		{7DD77429-2708-4E1E-A4B2-4D9BC602AB8E}.Debug|x86.ActiveCfg = Debug|Any CPU
		{7DD77429-2708-4E1E-A4B2-4D9BC602AB8E}.Release - Cloud|Any CPU.ActiveCfg = Release - Cloud|Any CPU
		{7DD77429-2708-4E1E-A4B2-4D9BC602AB8E}.Release - Cloud|Any CPU.Build.0 = Release - Cloud|Any CPU
		{7DD77429-2708-4E1E-A4B2-4D9BC602AB8E}.Release - Cloud|ARM.ActiveCfg = Release - Cloud|Any CPU
		{7DD77429-2708-4E1E-A4B2-4D9BC602AB8E}.Release - Cloud|x86.ActiveCfg = Release - Cloud|Any CPU
		{7DD77429-2708-4E1E-A4B2-4D9BC602AB8E}.Release|Any CPU.ActiveCfg = Release|Any CPU
		{7DD77429-2708-4E1E-A4B2-4D9BC602AB8E}.Release|Any CPU.Build.0 = Release|Any CPU
		{7DD77429-2708-4E1E-A4B2-4D9BC602AB8E}.Release|ARM.ActiveCfg = Release|Any CPU
		{7DD77429-2708-4E1E-A4B2-4D9BC602AB8E}.Release|x86.ActiveCfg = Release|Any CPU
		{A4346ADA-CDDA-4B2E-9570-8BF58B475DFF}.Debug - Cloud|Any CPU.ActiveCfg = Debug - Cloud|Any CPU
		{A4346ADA-CDDA-4B2E-9570-8BF58B475DFF}.Debug - Cloud|Any CPU.Build.0 = Debug - Cloud|Any CPU
		{A4346ADA-CDDA-4B2E-9570-8BF58B475DFF}.Debug - Cloud|ARM.ActiveCfg = Debug - Cloud|ARM
		{A4346ADA-CDDA-4B2E-9570-8BF58B475DFF}.Debug - Cloud|ARM.Build.0 = Debug - Cloud|ARM
		{A4346ADA-CDDA-4B2E-9570-8BF58B475DFF}.Debug - Cloud|x86.ActiveCfg = Debug - Cloud|x86
		{A4346ADA-CDDA-4B2E-9570-8BF58B475DFF}.Debug - Cloud|x86.Build.0 = Debug - Cloud|x86
		{A4346ADA-CDDA-4B2E-9570-8BF58B475DFF}.Debug - Device|Any CPU.ActiveCfg = Debug - Device|Any CPU
		{A4346ADA-CDDA-4B2E-9570-8BF58B475DFF}.Debug - Device|Any CPU.Build.0 = Debug - Device|Any CPU
		{A4346ADA-CDDA-4B2E-9570-8BF58B475DFF}.Debug - Device|ARM.ActiveCfg = Debug - Device|ARM
		{A4346ADA-CDDA-4B2E-9570-8BF58B475DFF}.Debug - Device|ARM.Build.0 = Debug - Device|ARM
		{A4346ADA-CDDA-4B2E-9570-8BF58B475DFF}.Debug - Device|x86.ActiveCfg = Debug - Device|x86
		{A4346ADA-CDDA-4B2E-9570-8BF58B475DFF}.Debug - Device|x86.Build.0 = Debug - Device|x86
		{A4346ADA-CDDA-4B2E-9570-8BF58B475DFF}.Debug - Staging|Any CPU.ActiveCfg = Debug - Staging|Any CPU
		{A4346ADA-CDDA-4B2E-9570-8BF58B475DFF}.Debug - Staging|Any CPU.Build.0 = Debug - Staging|Any CPU
		{A4346ADA-CDDA-4B2E-9570-8BF58B475DFF}.Debug - Staging|ARM.ActiveCfg = Debug - Staging|ARM
		{A4346ADA-CDDA-4B2E-9570-8BF58B475DFF}.Debug - Staging|ARM.Build.0 = Debug - Staging|ARM
		{A4346ADA-CDDA-4B2E-9570-8BF58B475DFF}.Debug - Staging|x86.ActiveCfg = Debug - Staging|x86
		{A4346ADA-CDDA-4B2E-9570-8BF58B475DFF}.Debug - Staging|x86.Build.0 = Debug - Staging|x86
		{A4346ADA-CDDA-4B2E-9570-8BF58B475DFF}.Debug|Any CPU.ActiveCfg = Debug|Any CPU
		{A4346ADA-CDDA-4B2E-9570-8BF58B475DFF}.Debug|Any CPU.Build.0 = Debug|Any CPU
		{A4346ADA-CDDA-4B2E-9570-8BF58B475DFF}.Debug|ARM.ActiveCfg = Debug|ARM
		{A4346ADA-CDDA-4B2E-9570-8BF58B475DFF}.Debug|ARM.Build.0 = Debug|ARM
		{A4346ADA-CDDA-4B2E-9570-8BF58B475DFF}.Debug|x86.ActiveCfg = Debug|x86
		{A4346ADA-CDDA-4B2E-9570-8BF58B475DFF}.Debug|x86.Build.0 = Debug|x86
		{A4346ADA-CDDA-4B2E-9570-8BF58B475DFF}.Release - Cloud|Any CPU.ActiveCfg = Release - Cloud|Any CPU
		{A4346ADA-CDDA-4B2E-9570-8BF58B475DFF}.Release - Cloud|Any CPU.Build.0 = Release - Cloud|Any CPU
		{A4346ADA-CDDA-4B2E-9570-8BF58B475DFF}.Release - Cloud|ARM.ActiveCfg = Release - Cloud|ARM
		{A4346ADA-CDDA-4B2E-9570-8BF58B475DFF}.Release - Cloud|ARM.Build.0 = Release - Cloud|ARM
		{A4346ADA-CDDA-4B2E-9570-8BF58B475DFF}.Release - Cloud|x86.ActiveCfg = Release - Cloud|x86
		{A4346ADA-CDDA-4B2E-9570-8BF58B475DFF}.Release - Cloud|x86.Build.0 = Release - Cloud|x86
		{A4346ADA-CDDA-4B2E-9570-8BF58B475DFF}.Release|Any CPU.ActiveCfg = Release|Any CPU
		{A4346ADA-CDDA-4B2E-9570-8BF58B475DFF}.Release|Any CPU.Build.0 = Release|Any CPU
		{A4346ADA-CDDA-4B2E-9570-8BF58B475DFF}.Release|ARM.ActiveCfg = Release|ARM
		{A4346ADA-CDDA-4B2E-9570-8BF58B475DFF}.Release|ARM.Build.0 = Release|ARM
		{A4346ADA-CDDA-4B2E-9570-8BF58B475DFF}.Release|x86.ActiveCfg = Release|x86
		{A4346ADA-CDDA-4B2E-9570-8BF58B475DFF}.Release|x86.Build.0 = Release|x86
		{BFD7E586-AF95-4062-A7B1-CDC7325214A6}.Debug - Cloud|Any CPU.ActiveCfg = Debug - Cloud|Any CPU
		{BFD7E586-AF95-4062-A7B1-CDC7325214A6}.Debug - Cloud|Any CPU.Build.0 = Debug - Cloud|Any CPU
		{BFD7E586-AF95-4062-A7B1-CDC7325214A6}.Debug - Cloud|ARM.ActiveCfg = Debug - Cloud|Any CPU
		{BFD7E586-AF95-4062-A7B1-CDC7325214A6}.Debug - Cloud|x86.ActiveCfg = Debug - Cloud|Any CPU
		{BFD7E586-AF95-4062-A7B1-CDC7325214A6}.Debug - Device|Any CPU.ActiveCfg = Debug - Device|Any CPU
		{BFD7E586-AF95-4062-A7B1-CDC7325214A6}.Debug - Device|Any CPU.Build.0 = Debug - Device|Any CPU
		{BFD7E586-AF95-4062-A7B1-CDC7325214A6}.Debug - Device|ARM.ActiveCfg = Debug - Device|Any CPU
		{BFD7E586-AF95-4062-A7B1-CDC7325214A6}.Debug - Device|x86.ActiveCfg = Debug - Device|Any CPU
		{BFD7E586-AF95-4062-A7B1-CDC7325214A6}.Debug - Staging|Any CPU.ActiveCfg = Debug - Staging|Any CPU
		{BFD7E586-AF95-4062-A7B1-CDC7325214A6}.Debug - Staging|Any CPU.Build.0 = Debug - Staging|Any CPU
		{BFD7E586-AF95-4062-A7B1-CDC7325214A6}.Debug - Staging|ARM.ActiveCfg = Debug - Staging|Any CPU
		{BFD7E586-AF95-4062-A7B1-CDC7325214A6}.Debug - Staging|x86.ActiveCfg = Debug - Staging|Any CPU
		{BFD7E586-AF95-4062-A7B1-CDC7325214A6}.Debug|Any CPU.ActiveCfg = Debug|Any CPU
		{BFD7E586-AF95-4062-A7B1-CDC7325214A6}.Debug|Any CPU.Build.0 = Debug|Any CPU
		{BFD7E586-AF95-4062-A7B1-CDC7325214A6}.Debug|ARM.ActiveCfg = Debug|Any CPU
		{BFD7E586-AF95-4062-A7B1-CDC7325214A6}.Debug|x86.ActiveCfg = Debug|Any CPU
		{BFD7E586-AF95-4062-A7B1-CDC7325214A6}.Release - Cloud|Any CPU.ActiveCfg = Release - Cloud|Any CPU
		{BFD7E586-AF95-4062-A7B1-CDC7325214A6}.Release - Cloud|Any CPU.Build.0 = Release - Cloud|Any CPU
		{BFD7E586-AF95-4062-A7B1-CDC7325214A6}.Release - Cloud|ARM.ActiveCfg = Release - Cloud|Any CPU
		{BFD7E586-AF95-4062-A7B1-CDC7325214A6}.Release - Cloud|x86.ActiveCfg = Release - Cloud|Any CPU
		{BFD7E586-AF95-4062-A7B1-CDC7325214A6}.Release|Any CPU.ActiveCfg = Release|Any CPU
		{BFD7E586-AF95-4062-A7B1-CDC7325214A6}.Release|Any CPU.Build.0 = Release|Any CPU
		{BFD7E586-AF95-4062-A7B1-CDC7325214A6}.Release|ARM.ActiveCfg = Release|Any CPU
		{BFD7E586-AF95-4062-A7B1-CDC7325214A6}.Release|x86.ActiveCfg = Release|Any CPU
		{CE3229B1-B2D0-4684-AD85-4669D4093BAA}.Debug - Cloud|Any CPU.ActiveCfg = Debug - Cloud|Any CPU
		{CE3229B1-B2D0-4684-AD85-4669D4093BAA}.Debug - Cloud|Any CPU.Build.0 = Debug - Cloud|Any CPU
		{CE3229B1-B2D0-4684-AD85-4669D4093BAA}.Debug - Cloud|ARM.ActiveCfg = Debug - Cloud|Any CPU
		{CE3229B1-B2D0-4684-AD85-4669D4093BAA}.Debug - Cloud|x86.ActiveCfg = Debug - Cloud|Any CPU
		{CE3229B1-B2D0-4684-AD85-4669D4093BAA}.Debug - Device|Any CPU.ActiveCfg = Debug - Device|Any CPU
		{CE3229B1-B2D0-4684-AD85-4669D4093BAA}.Debug - Device|Any CPU.Build.0 = Debug - Device|Any CPU
		{CE3229B1-B2D0-4684-AD85-4669D4093BAA}.Debug - Device|ARM.ActiveCfg = Debug - Device|Any CPU
		{CE3229B1-B2D0-4684-AD85-4669D4093BAA}.Debug - Device|x86.ActiveCfg = Debug - Device|Any CPU
		{CE3229B1-B2D0-4684-AD85-4669D4093BAA}.Debug - Staging|Any CPU.ActiveCfg = Debug - Staging|Any CPU
		{CE3229B1-B2D0-4684-AD85-4669D4093BAA}.Debug - Staging|Any CPU.Build.0 = Debug - Staging|Any CPU
		{CE3229B1-B2D0-4684-AD85-4669D4093BAA}.Debug - Staging|ARM.ActiveCfg = Debug - Staging|Any CPU
		{CE3229B1-B2D0-4684-AD85-4669D4093BAA}.Debug - Staging|x86.ActiveCfg = Debug - Staging|Any CPU
		{CE3229B1-B2D0-4684-AD85-4669D4093BAA}.Debug|Any CPU.ActiveCfg = Debug|Any CPU
		{CE3229B1-B2D0-4684-AD85-4669D4093BAA}.Debug|Any CPU.Build.0 = Debug|Any CPU
		{CE3229B1-B2D0-4684-AD85-4669D4093BAA}.Debug|ARM.ActiveCfg = Debug|Any CPU
		{CE3229B1-B2D0-4684-AD85-4669D4093BAA}.Debug|x86.ActiveCfg = Debug|Any CPU
		{CE3229B1-B2D0-4684-AD85-4669D4093BAA}.Release - Cloud|Any CPU.ActiveCfg = Release - Cloud|Any CPU
		{CE3229B1-B2D0-4684-AD85-4669D4093BAA}.Release - Cloud|Any CPU.Build.0 = Release - Cloud|Any CPU
		{CE3229B1-B2D0-4684-AD85-4669D4093BAA}.Release - Cloud|ARM.ActiveCfg = Release - Cloud|Any CPU
		{CE3229B1-B2D0-4684-AD85-4669D4093BAA}.Release - Cloud|x86.ActiveCfg = Release - Cloud|Any CPU
		{CE3229B1-B2D0-4684-AD85-4669D4093BAA}.Release|Any CPU.ActiveCfg = Release|Any CPU
		{CE3229B1-B2D0-4684-AD85-4669D4093BAA}.Release|Any CPU.Build.0 = Release|Any CPU
		{CE3229B1-B2D0-4684-AD85-4669D4093BAA}.Release|ARM.ActiveCfg = Release|Any CPU
		{CE3229B1-B2D0-4684-AD85-4669D4093BAA}.Release|x86.ActiveCfg = Release|Any CPU
	EndGlobalSection
	GlobalSection(SolutionProperties) = preSolution
		HideSolutionNode = FALSE
	EndGlobalSection
	GlobalSection(TestCaseManagementSettings) = postSolution
		CategoryFile = Viiar.AtmFinder.vsmdi
	EndGlobalSection
EndGlobal
